{"1.1.0",
[{<<"certifi">>,{pkg,<<"certifi">>,<<"2.4.2">>},1},
 {<<"cowboy">>,{pkg,<<"cowboy">>,<<"2.4.0">>},0},
 {<<"cowboy_swagger">>,{pkg,<<"cowboy_swagger">>,<<"2.1.0">>},0},
 {<<"cowlib">>,{pkg,<<"cowlib">>,<<"2.3.0">>},1},
 {<<"goldrush">>,{pkg,<<"goldrush">>,<<"0.1.9">>},1},
 {<<"gun">>,{pkg,<<"gun">>,<<"1.0.0-pre.1">>},1},
 {<<"hackney">>,{pkg,<<"hackney">>,<<"1.15.0">>},0},
 {<<"idna">>,{pkg,<<"idna">>,<<"6.0.0">>},1},
 {<<"iso8601">>,{pkg,<<"iso8601">>,<<"1.2.3">>},1},
 {<<"jiffy">>,{pkg,<<"jiffy">>,<<"0.15.2">>},0},
 {<<"jsx">>,{pkg,<<"jsx">>,<<"2.9.0">>},1},
 {<<"lager">>,{pkg,<<"lager">>,<<"3.6.8">>},0},
 {<<"metrics">>,{pkg,<<"metrics">>,<<"1.0.1">>},1},
 {<<"mimerl">>,{pkg,<<"mimerl">>,<<"1.0.2">>},1},
 {<<"mixer">>,{pkg,<<"inaka_mixer">>,<<"1.1.0">>},0},
 {<<"parse_trans">>,{pkg,<<"parse_trans">>,<<"3.3.0">>},2},
 {<<"quickrand">>,{pkg,<<"quickrand">>,<<"1.5.4">>},2},
 {<<"ranch">>,{pkg,<<"ranch">>,<<"1.5.0">>},1},
 {<<"shotgun">>,{pkg,<<"shotgun">>,<<"0.3.0">>},0},
 {<<"ssl_verify_fun">>,{pkg,<<"ssl_verify_fun">>,<<"1.1.4">>},1},
 {<<"sumo_db">>,{pkg,<<"sumo_db">>,<<"0.7.7">>},0},
 {<<"trails">>,{pkg,<<"trails">>,<<"2.1.0">>},1},
 {<<"unicode_util_compat">>,{pkg,<<"unicode_util_compat">>,<<"0.4.1">>},2},
 {<<"uuid">>,{pkg,<<"uuid_erl">>,<<"1.5.2-rc1">>},1},
 {<<"worker_pool">>,{pkg,<<"worker_pool">>,<<"3.1.0">>},1}]}.
[
{pkg_hash,[
 {<<"certifi">>, <<"75424FF0F3BAACCFD34B1214184B6EF616D89E420B258BB0A5EA7D7BC628F7F0">>},
 {<<"cowboy">>, <<"F1B72FABE9C8A5FC64AC5AC85FB65474D64733D1DF52A26FAD5D4BA3D9F70A9F">>},
 {<<"cowboy_swagger">>, <<"53C36D4228E139F65DB4DB716C1A5BF9CE6DA9BF04C4C785EBB3A1A462CAD223">>},
 {<<"cowlib">>, <<"BBD58EF537904E4F7C1DD62E6AA8BC831C8183CE4EFA9BD1150164FE15BE4CAA">>},
 {<<"goldrush">>, <<"F06E5D5F1277DA5C413E84D5A2924174182FB108DABB39D5EC548B27424CD106">>},
 {<<"gun">>, <<"28514327A7572234633E127C1C14C5D91991BC26EC16D3707F05962A31F0C1B5">>},
 {<<"hackney">>, <<"287A5D2304D516F63E56C469511C42B016423BCB167E61B611F6BAD47E3CA60E">>},
 {<<"idna">>, <<"689C46CBCDF3524C44D5F3DDE8001F364CD7608A99556D8FBD8239A5798D4C10">>},
 {<<"iso8601">>, <<"56D173EC568D42E95908797A9B7D27BCF0B377443277416733EB1A544A4A47C2">>},
 {<<"jiffy">>, <<"DE266C390111FD4EA28B9302F0BC3D7472468F3B8E0ACEABFBEFA26D08CD73B7">>},
 {<<"jsx">>, <<"D2F6E5F069C00266CAD52FB15D87C428579EA4D7D73A33669E12679E203329DD">>},
 {<<"lager">>, <<"897EFC7679BB82383448646C96768CDC4E747464DD18B999C7AACA485686B0DA">>},
 {<<"metrics">>, <<"25F094DEA2CDA98213CECC3AEFF09E940299D950904393B2A29D191C346A8486">>},
 {<<"mimerl">>, <<"993F9B0E084083405ED8252B99460C4F0563E41729AB42D9074FD5E52439BE88">>},
 {<<"mixer">>, <<"BC1DFD899A87412D4BBFF38AC33E9E38FEB0FE768A9FA9440B589C667A4C305F">>},
 {<<"parse_trans">>, <<"09765507A3C7590A784615CFD421D101AEC25098D50B89D7AA1D66646BC571C1">>},
 {<<"quickrand">>, <<"47ADD4755CC5F209CBEFFD6F47C84061196CD7FAD99FD8FD12418EB0D06B939D">>},
 {<<"ranch">>, <<"F04166F456790FEE2AC1AA05A02745CC75783C2BFB26D39FAF6AEFC9A3D3A58A">>},
 {<<"shotgun">>, <<"54EA3C243B65A935A3491A079A573C9D119A5EAF28BC2673893F8EEF66FDC053">>},
 {<<"ssl_verify_fun">>, <<"F0EAFFF810D2041E93F915EF59899C923F4568F4585904D010387ED74988E77B">>},
 {<<"sumo_db">>, <<"5870B6D6E73204C36173DDDFB76C4B48C21EF6DD59D6490389AA3458675B46DD">>},
 {<<"trails">>, <<"D51D7F065F2B692654C611C663BFAC377D47EAFF9D38D0C17ECD031D1A59399A">>},
 {<<"unicode_util_compat">>, <<"D869E4C68901DD9531385BB0C8C40444EBF624E60B6962D95952775CAC5E90CD">>},
 {<<"uuid">>, <<"D4022AB3F4F1A28E86EA15D4075CB0C57EC908D8AF1CA2E8AF28AA815EF93C3A">>},
 {<<"worker_pool">>, <<"C908627E04057CF29940AD0E79B89AB161DB520EEBC76942EFD08A187BABF93A">>}]}
].
